
Microsoft Visual Studio Solution File, Format Version 12.00
# Visual Studio Version 17
VisualStudioVersion = 17.4.33122.133
MinimumVisualStudioVersion = 10.0.40219.1
Project("{FAE04EC0-301F-11D3-BF4B-00C04F79EFBC}") = "RecettesRestApi", "RecettesRestApi\RecettesRestApi.csproj", "{15FC9274-10BD-4C76-AE6F-F46E8EEA0E8B}"
EndProject
Global
	GlobalSection(SolutionConfigurationPlatforms) = preSolution
		Debug|Any CPU = Debug|Any CPU
		Release|Any CPU = Release|Any CPU
	EndGlobalSection
	GlobalSection(ProjectConfigurationPlatforms) = postSolution
		{15FC9274-10BD-4C76-AE6F-F46E8EEA0E8B}.Debug|Any CPU.ActiveCfg = Debug|Any CPU
		{15FC9274-10BD-4C76-AE6F-F46E8EEA0E8B}.Debug|Any CPU.Build.0 = Debug|Any CPU
		{15FC9274-10BD-4C76-AE6F-F46E8EEA0E8B}.Release|Any CPU.ActiveCfg = Release|Any CPU
		{15FC9274-10BD-4C76-AE6F-F46E8EEA0E8B}.Release|Any CPU.Build.0 = Release|Any CPU
	EndGlobalSection
	GlobalSection(SolutionProperties) = preSolution
		HideSolutionNode = FALSE
	EndGlobalSection
	GlobalSection(ExtensibilityGlobals) = postSolution
		SolutionGuid = {CE20F89B-7029-4DA3-9763-693D1C3C9AFA}
	EndGlobalSection
EndGlobal
